
Microsoft Visual Studio Solution File, Format Version 12.00
# Visual Studio Version 16
VisualStudioVersion = 16.0.29324.140
MinimumVisualStudioVersion = 10.0.40219.1
Project("{FAE04EC0-301F-11D3-BF4B-00C04F79EFBC}") = "PhoneApplication", "PhoneApplication.csproj", "{4FBC8C4D-02B2-4F4A-AF4C-D68ED1126B1B}"
EndProject
Global
	GlobalSection(SolutionConfigurationPlatforms) = preSolution
		Debug|Any CPU = Debug|Any CPU
		Release|Any CPU = Release|Any CPU
	EndGlobalSection
	GlobalSection(ProjectConfigurationPlatforms) = postSolution
		{4FBC8C4D-02B2-4F4A-AF4C-D68ED1126B1B}.Debug|Any CPU.ActiveCfg = Debug|Any CPU
		{4FBC8C4D-02B2-4F4A-AF4C-D68ED1126B1B}.Debug|Any CPU.Build.0 = Debug|Any CPU
		{4FBC8C4D-02B2-4F4A-AF4C-D68ED1126B1B}.Release|Any CPU.ActiveCfg = Release|Any CPU
		{4FBC8C4D-02B2-4F4A-AF4C-D68ED1126B1B}.Release|Any CPU.Build.0 = Release|Any CPU
	EndGlobalSection
	GlobalSection(SolutionProperties) = preSolution
		HideSolutionNode = FALSE
	EndGlobalSection
	GlobalSection(ExtensibilityGlobals) = postSolution
		SolutionGuid = {DD68DFA2-F995-4BA0-A712-17C8062173D3}
	EndGlobalSection
EndGlobal
